{
  "name": "sm-commons",
  "version": "0.0.9",
  "lockfileVersion": 1,
  "requires": true,
  "dependencies": {
    "consola": {
      "version": "2.11.3",
      "resolved": "https://registry.npmjs.org/consola/-/consola-2.11.3.tgz",
      "integrity": "sha512-aoW0YIIAmeftGR8GSpw6CGQluNdkWMWh3yEFjH/hmynTYnMtibXszii3lxCXmk8YxJtI3FAK5aTiquA5VH68Gw=="
    },
    "expect.js": {
      "version": "0.3.1",
      "resolved": "https://registry.npmjs.org/expect.js/-/expect.js-0.3.1.tgz",
      "integrity": "sha1-sKWaDS7/VDdUTr8M6qYBWEHQm1s="
    }
  }
}
